
Microsoft Visual Studio Solution File, Format Version 12.00
# Visual Studio Version 17
VisualStudioVersion = 17.9.34728.123
MinimumVisualStudioVersion = 10.0.40219.1
Project("{2150E333-8FDC-42A3-9474-1A3956D46DE8}") = "03", "03", "{371E604B-CAA7-4F67-A9C0-2F8C1E839515}"
EndProject
Project("{9A19103F-16F7-4668-BE54-9A1E7A4F7556}") = "ConsoleApp03.Entidades", "ConsoleApp03.Entidades\ConsoleApp03.Entidades.csproj", "{68367931-F754-4C7D-BAD3-DA79D0CB584B}"
EndProject
Project("{9A19103F-16F7-4668-BE54-9A1E7A4F7556}") = "ConsoleApp03.Consola", "ConsoleApp03.Consola\ConsoleApp03.Consola.csproj", "{10E1990B-E801-4E08-8793-22E47AF898A0}"
EndProject
Project("{2150E333-8FDC-42A3-9474-1A3956D46DE8}") = "04", "04", "{C1F5CD8A-BC2E-44AE-BB16-3F98D7C07286}"
EndProject
Project("{9A19103F-16F7-4668-BE54-9A1E7A4F7556}") = "ConsoleApp04.Consola", "ConsoleApp04.Consola\ConsoleApp04.Consola.csproj", "{023576EF-46FB-4444-A630-F2378F045EF4}"
EndProject
Project("{9A19103F-16F7-4668-BE54-9A1E7A4F7556}") = "ConsoleApp04.Entidades", "ConsoleApp04.Entidades\ConsoleApp04.Entidades.csproj", "{CCB27963-C9D8-4406-ACC3-EA5E39627E65}"
EndProject
Project("{9A19103F-16F7-4668-BE54-9A1E7A4F7556}") = "ConsoleApp04.Datos", "ConsoleApp04.Datos\ConsoleApp04.Datos.csproj", "{7FDF0687-F4CA-421C-AAFC-392A66590989}"
EndProject
Project("{9A19103F-16F7-4668-BE54-9A1E7A4F7556}") = "WinFormsApp04.Windows", "WinFormsApp04.Windows\WinFormsApp04.Windows.csproj", "{6B29D854-3691-4427-B310-7F32D92098FA}"
EndProject
Project("{2150E333-8FDC-42A3-9474-1A3956D46DE8}") = "01", "01", "{2CA4534E-1655-4906-A903-797F72811DC6}"
EndProject
Project("{FAE04EC0-301F-11D3-BF4B-00C04F79EFBC}") = "ConsoleApp01.Consola", "ConsoleApp01.Consola\ConsoleApp01.Consola.csproj", "{F8A83621-A461-42F1-9248-C6F143C1C2AC}"
EndProject
Project("{FAE04EC0-301F-11D3-BF4B-00C04F79EFBC}") = "ConsoleApp01.Entidades", "ConsoleApp01.Entidades\ConsoleApp01.Entidades.csproj", "{B2C35615-8B42-4B35-A556-77C0B654897C}"
EndProject
Project("{2150E333-8FDC-42A3-9474-1A3956D46DE8}") = "02", "02", "{AE87D613-6072-4771-AE17-16B3E8A7A3C5}"
EndProject
Project("{FAE04EC0-301F-11D3-BF4B-00C04F79EFBC}") = "ConsoleApp02.Consola", "ConsoleApp02.Consola\ConsoleApp02.Consola.csproj", "{6512AFEB-57D2-4F06-904F-7857C997F027}"
EndProject
Project("{FAE04EC0-301F-11D3-BF4B-00C04F79EFBC}") = "ConsoleApp02.Entidades", "ConsoleApp02.Entidades\ConsoleApp02.Entidades.csproj", "{C6970021-3E57-47E2-B027-63700203A87C}"
EndProject
Global
	GlobalSection(SolutionConfigurationPlatforms) = preSolution
		Debug|Any CPU = Debug|Any CPU
		Release|Any CPU = Release|Any CPU
	EndGlobalSection
	GlobalSection(ProjectConfigurationPlatforms) = postSolution
		{68367931-F754-4C7D-BAD3-DA79D0CB584B}.Debug|Any CPU.ActiveCfg = Debug|Any CPU
		{68367931-F754-4C7D-BAD3-DA79D0CB584B}.Debug|Any CPU.Build.0 = Debug|Any CPU
		{68367931-F754-4C7D-BAD3-DA79D0CB584B}.Release|Any CPU.ActiveCfg = Release|Any CPU
		{68367931-F754-4C7D-BAD3-DA79D0CB584B}.Release|Any CPU.Build.0 = Release|Any CPU
		{10E1990B-E801-4E08-8793-22E47AF898A0}.Debug|Any CPU.ActiveCfg = Debug|Any CPU
		{10E1990B-E801-4E08-8793-22E47AF898A0}.Debug|Any CPU.Build.0 = Debug|Any CPU
		{10E1990B-E801-4E08-8793-22E47AF898A0}.Release|Any CPU.ActiveCfg = Release|Any CPU
		{10E1990B-E801-4E08-8793-22E47AF898A0}.Release|Any CPU.Build.0 = Release|Any CPU
		{023576EF-46FB-4444-A630-F2378F045EF4}.Debug|Any CPU.ActiveCfg = Debug|Any CPU
		{023576EF-46FB-4444-A630-F2378F045EF4}.Debug|Any CPU.Build.0 = Debug|Any CPU
		{023576EF-46FB-4444-A630-F2378F045EF4}.Release|Any CPU.ActiveCfg = Release|Any CPU
		{023576EF-46FB-4444-A630-F2378F045EF4}.Release|Any CPU.Build.0 = Release|Any CPU
		{CCB27963-C9D8-4406-ACC3-EA5E39627E65}.Debug|Any CPU.ActiveCfg = Debug|Any CPU
		{CCB27963-C9D8-4406-ACC3-EA5E39627E65}.Debug|Any CPU.Build.0 = Debug|Any CPU
		{CCB27963-C9D8-4406-ACC3-EA5E39627E65}.Release|Any CPU.ActiveCfg = Release|Any CPU
		{CCB27963-C9D8-4406-ACC3-EA5E39627E65}.Release|Any CPU.Build.0 = Release|Any CPU
		{7FDF0687-F4CA-421C-AAFC-392A66590989}.Debug|Any CPU.ActiveCfg = Debug|Any CPU
		{7FDF0687-F4CA-421C-AAFC-392A66590989}.Debug|Any CPU.Build.0 = Debug|Any CPU
		{7FDF0687-F4CA-421C-AAFC-392A66590989}.Release|Any CPU.ActiveCfg = Release|Any CPU
		{7FDF0687-F4CA-421C-AAFC-392A66590989}.Release|Any CPU.Build.0 = Release|Any CPU
		{6B29D854-3691-4427-B310-7F32D92098FA}.Debug|Any CPU.ActiveCfg = Debug|Any CPU
		{6B29D854-3691-4427-B310-7F32D92098FA}.Debug|Any CPU.Build.0 = Debug|Any CPU
		{6B29D854-3691-4427-B310-7F32D92098FA}.Release|Any CPU.ActiveCfg = Release|Any CPU
		{6B29D854-3691-4427-B310-7F32D92098FA}.Release|Any CPU.Build.0 = Release|Any CPU
		{F8A83621-A461-42F1-9248-C6F143C1C2AC}.Debug|Any CPU.ActiveCfg = Debug|Any CPU
		{F8A83621-A461-42F1-9248-C6F143C1C2AC}.Debug|Any CPU.Build.0 = Debug|Any CPU
		{F8A83621-A461-42F1-9248-C6F143C1C2AC}.Release|Any CPU.ActiveCfg = Release|Any CPU
		{F8A83621-A461-42F1-9248-C6F143C1C2AC}.Release|Any CPU.Build.0 = Release|Any CPU
		{B2C35615-8B42-4B35-A556-77C0B654897C}.Debug|Any CPU.ActiveCfg = Debug|Any CPU
		{B2C35615-8B42-4B35-A556-77C0B654897C}.Debug|Any CPU.Build.0 = Debug|Any CPU
		{B2C35615-8B42-4B35-A556-77C0B654897C}.Release|Any CPU.ActiveCfg = Release|Any CPU
		{B2C35615-8B42-4B35-A556-77C0B654897C}.Release|Any CPU.Build.0 = Release|Any CPU
		{6512AFEB-57D2-4F06-904F-7857C997F027}.Debug|Any CPU.ActiveCfg = Debug|Any CPU
		{6512AFEB-57D2-4F06-904F-7857C997F027}.Debug|Any CPU.Build.0 = Debug|Any CPU
		{6512AFEB-57D2-4F06-904F-7857C997F027}.Release|Any CPU.ActiveCfg = Release|Any CPU
		{6512AFEB-57D2-4F06-904F-7857C997F027}.Release|Any CPU.Build.0 = Release|Any CPU
		{C6970021-3E57-47E2-B027-63700203A87C}.Debug|Any CPU.ActiveCfg = Debug|Any CPU
		{C6970021-3E57-47E2-B027-63700203A87C}.Debug|Any CPU.Build.0 = Debug|Any CPU
		{C6970021-3E57-47E2-B027-63700203A87C}.Release|Any CPU.ActiveCfg = Release|Any CPU
		{C6970021-3E57-47E2-B027-63700203A87C}.Release|Any CPU.Build.0 = Release|Any CPU
	EndGlobalSection
	GlobalSection(SolutionProperties) = preSolution
		HideSolutionNode = FALSE
	EndGlobalSection
	GlobalSection(NestedProjects) = preSolution
		{68367931-F754-4C7D-BAD3-DA79D0CB584B} = {371E604B-CAA7-4F67-A9C0-2F8C1E839515}
		{10E1990B-E801-4E08-8793-22E47AF898A0} = {371E604B-CAA7-4F67-A9C0-2F8C1E839515}
		{023576EF-46FB-4444-A630-F2378F045EF4} = {C1F5CD8A-BC2E-44AE-BB16-3F98D7C07286}
		{CCB27963-C9D8-4406-ACC3-EA5E39627E65} = {C1F5CD8A-BC2E-44AE-BB16-3F98D7C07286}
		{7FDF0687-F4CA-421C-AAFC-392A66590989} = {C1F5CD8A-BC2E-44AE-BB16-3F98D7C07286}
		{6B29D854-3691-4427-B310-7F32D92098FA} = {C1F5CD8A-BC2E-44AE-BB16-3F98D7C07286}
		{F8A83621-A461-42F1-9248-C6F143C1C2AC} = {2CA4534E-1655-4906-A903-797F72811DC6}
		{B2C35615-8B42-4B35-A556-77C0B654897C} = {2CA4534E-1655-4906-A903-797F72811DC6}
		{6512AFEB-57D2-4F06-904F-7857C997F027} = {AE87D613-6072-4771-AE17-16B3E8A7A3C5}
		{C6970021-3E57-47E2-B027-63700203A87C} = {AE87D613-6072-4771-AE17-16B3E8A7A3C5}
	EndGlobalSection
	GlobalSection(ExtensibilityGlobals) = postSolution
		SolutionGuid = {879F4B01-CEED-4C3B-ACAE-238CE5470BC3}
	EndGlobalSection
EndGlobal
